<?xml version="1.0" encoding="utf-8"?>
<Project ToolsVersion="4.0" xmlns="http://schemas.microsoft.com/developer/msbuild/2003">
  <ItemGroup>
    <Filter Include="Source Files">
      <UniqueIdentifier>{4FC737F1-C7A5-4376-A066-2A32D752A2FF}</UniqueIdentifier>
      <Extensions>cpp;c;cc;cxx;c++;cppm;ixx;def;odl;idl;hpj;bat;asm;asmx</Extensions>
    </Filter>
    <Filter Include="Header Files">
      <UniqueIdentifier>{93995380-89BD-4b04-88EB-625FBE52EBFB}</UniqueIdentifier>
      <Extensions>h;hh;hpp;hxx;h++;hm;inl;inc;ipp;xsd</Extensions>
    </Filter>
    <Filter Include="Resource Files">
      <UniqueIdentifier>{67DA6AB6-F800-4c08-8B7A-83BB121AAD01}</UniqueIdentifier>
      <Extensions>rc;ico;cur;bmp;dlg;rc2;rct;bin;rgs;gif;jpg;jpeg;jpe;resx;tiff;tif;png;wav;mfcribbon-ms</Extensions>
    </Filter>
  </ItemGroup>
  <ItemGroup>
    <ClCompile Include="source\snapshotmngr.cpp">
      <Filter>Source Files</Filter>
    </ClCompile>
    <ClCompile Include="source\snapshot.cpp">
      <Filter>Source Files</Filter>
    </ClCompile>
    <ClCompile Include="source\csvfile.cpp">
      <Filter>Source Files</Filter>
    </ClCompile>
    <ClCompile Include="source\memoryexporter.cpp">
      <Filter>Source Files</Filter>
    </ClCompile>
    <ClCompile Include="source\memoryprinter.cpp">
      <Filter>Source Files</Filter>
    </ClCompile>
    <ClCompile Include="source\stringutils.cpp">
      <Filter>Source Files</Filter>
    </ClCompile>
    <ClCompile Include="source\processmemory.cpp">
      <Filter>Source Files</Filter>
    </ClCompile>
    <ClCompile Include="source\processmodule.cpp">
      <Filter>Source Files</Filter>
    </ClCompile>
    <ClCompile Include="source\process.cpp">
      <Filter>Source Files</Filter>
    </ClCompile>
    <ClCompile Include="source\utils.cpp">
      <Filter>Source Files</Filter>
    </ClCompile>
    <ClCompile Include="source\processstack.cpp">
      <Filter>Source Files</Filter>
    </ClCompile>
    <ClCompile Include="source\processheap.cpp">
      <Filter>Source Files</Filter>
    </ClCompile>
    <ClCompile Include="source\processlist.cpp">
      <Filter>Source Files</Filter>
    </ClCompile>
  </ItemGroup>
  <ItemGroup>
    <ClInclude Include="source\snapshot.h">
      <Filter>Header Files</Filter>
    </ClInclude>
    <ClInclude Include="source\main.h">
      <Filter>Header Files</Filter>
    </ClInclude>
    <ClInclude Include="source\csvfile.h">
      <Filter>Header Files</Filter>
    </ClInclude>
    <ClInclude Include="source\stringutils.h">
      <Filter>Header Files</Filter>
    </ClInclude>
    <ClInclude Include="source\utils.h">
      <Filter>Header Files</Filter>
    </ClInclude>
    <ClInclude Include="source\processmodule.h">
      <Filter>Header Files</Filter>
    </ClInclude>
    <ClInclude Include="source\processmemory.h">
      <Filter>Header Files</Filter>
    </ClInclude>
    <ClInclude Include="source\process.h">
      <Filter>Header Files</Filter>
    </ClInclude>
    <ClInclude Include="source\processstack.h">
      <Filter>Header Files</Filter>
    </ClInclude>
    <ClInclude Include="source\processheap.h">
      <Filter>Header Files</Filter>
    </ClInclude>
    <ClInclude Include="source\memoryexporter.h">
      <Filter>Header Files</Filter>
    </ClInclude>
    <ClInclude Include="source\memoryprinter.h">
      <Filter>Header Files</Filter>
    </ClInclude>
    <ClInclude Include="source\processlist.h">
      <Filter>Header Files</Filter>
    </ClInclude>
    <ClInclude Include="source\targetversion.h">
      <Filter>Header Files</Filter>
    </ClInclude>
    <ClInclude Include="include\snapshotmngr.h">
      <Filter>Header Files</Filter>
    </ClInclude>
    <ClInclude Include="include\os.h">
      <Filter>Header Files</Filter>
    </ClInclude>
  </ItemGroup>
</Project>